
Microsoft Visual Studio Solution File, Format Version 12.00
# Visual Studio 15
VisualStudioVersion = 15.0.26430.6
MinimumVisualStudioVersion = 10.0.40219.1
Project("{FAE04EC0-301F-11D3-BF4B-00C04F79EFBC}") = "skadisteam.console", "skadisteam.console\skadisteam.console.csproj", "{5440215C-A8B4-45A5-B77D-454570C4F62B}"
EndProject
Project("{9A19103F-16F7-4668-BE54-9A1E7A4F7556}") = "skadisteam.inventory", "..\skadisteam.inventory\src\skadisteam.inventory\skadisteam.inventory.csproj", "{C5BC8329-4707-43E3-AB56-654923C97042}"
EndProject
Project("{9A19103F-16F7-4668-BE54-9A1E7A4F7556}") = "skadisteam.inventory.test", "..\skadisteam.inventory\src\skadisteam.inventory.test\skadisteam.inventory.test.csproj", "{1E653FE3-DF89-483B-BB85-CCE3115D75E3}"
EndProject
Project("{9A19103F-16F7-4668-BE54-9A1E7A4F7556}") = "skadiprices.csgofast", "..\skadiprices.csgofast\src\skadiprices.csgofast\skadiprices.csgofast.csproj", "{200E5F9C-4274-48A7-985E-64AD5C55425F}"
EndProject
Project("{9A19103F-16F7-4668-BE54-9A1E7A4F7556}") = "skadiprices.csgofast.test", "..\skadiprices.csgofast\src\skadiprices.csgofast.test\skadiprices.csgofast.test.csproj", "{CEB09DE7-6E74-4913-A890-01FAF9E8F049}"
EndProject
Project("{9A19103F-16F7-4668-BE54-9A1E7A4F7556}") = "skadisteam.shared", "..\skadisteam.shared\src\skadisteam.shared\skadisteam.shared.csproj", "{F11306B4-3F84-4CDB-AA74-B7A25B9DFEAF}"
EndProject
Project("{9A19103F-16F7-4668-BE54-9A1E7A4F7556}") = "skadisteam.login.local", "..\skadisteam.login\src\skadisteam.login\skadisteam.login.local.csproj", "{62140BA7-97C5-4580-A539-0A1058F5AC28}"
EndProject
Project("{9A19103F-16F7-4668-BE54-9A1E7A4F7556}") = "skadisteam.login.test.local", "..\skadisteam.login\src\skadisteam.login.test\skadisteam.login.test.local.csproj", "{6C01F5FD-554F-419C-A75A-1EE963636124}"
EndProject
Project("{9A19103F-16F7-4668-BE54-9A1E7A4F7556}") = "skadisteam.trade.local", "..\skadisteam.trade\src\skadisteam.trade\skadisteam.trade.local.csproj", "{15D66683-26BA-425C-9079-5AC423468A6D}"
EndProject
Project("{9A19103F-16F7-4668-BE54-9A1E7A4F7556}") = "skadisteam.trade.test.local", "..\skadisteam.trade\src\skadisteam.trade.test\skadisteam.trade.test.local.csproj", "{46BB04B7-3CFE-4CA3-86B8-34D2EA242D26}"
EndProject
Global
	GlobalSection(SolutionConfigurationPlatforms) = preSolution
		Debug|Any CPU = Debug|Any CPU
		Release|Any CPU = Release|Any CPU
	EndGlobalSection
	GlobalSection(ProjectConfigurationPlatforms) = postSolution
		{5440215C-A8B4-45A5-B77D-454570C4F62B}.Debug|Any CPU.ActiveCfg = Debug|Any CPU
		{5440215C-A8B4-45A5-B77D-454570C4F62B}.Debug|Any CPU.Build.0 = Debug|Any CPU
		{5440215C-A8B4-45A5-B77D-454570C4F62B}.Release|Any CPU.ActiveCfg = Release|Any CPU
		{5440215C-A8B4-45A5-B77D-454570C4F62B}.Release|Any CPU.Build.0 = Release|Any CPU
		{C5BC8329-4707-43E3-AB56-654923C97042}.Debug|Any CPU.ActiveCfg = Debug|Any CPU
		{C5BC8329-4707-43E3-AB56-654923C97042}.Debug|Any CPU.Build.0 = Debug|Any CPU
		{C5BC8329-4707-43E3-AB56-654923C97042}.Release|Any CPU.ActiveCfg = Release|Any CPU
		{C5BC8329-4707-43E3-AB56-654923C97042}.Release|Any CPU.Build.0 = Release|Any CPU
		{1E653FE3-DF89-483B-BB85-CCE3115D75E3}.Debug|Any CPU.ActiveCfg = Debug|Any CPU
		{1E653FE3-DF89-483B-BB85-CCE3115D75E3}.Debug|Any CPU.Build.0 = Debug|Any CPU
		{1E653FE3-DF89-483B-BB85-CCE3115D75E3}.Release|Any CPU.ActiveCfg = Release|Any CPU
		{1E653FE3-DF89-483B-BB85-CCE3115D75E3}.Release|Any CPU.Build.0 = Release|Any CPU
		{200E5F9C-4274-48A7-985E-64AD5C55425F}.Debug|Any CPU.ActiveCfg = Debug|Any CPU
		{200E5F9C-4274-48A7-985E-64AD5C55425F}.Debug|Any CPU.Build.0 = Debug|Any CPU
		{200E5F9C-4274-48A7-985E-64AD5C55425F}.Release|Any CPU.ActiveCfg = Release|Any CPU
		{200E5F9C-4274-48A7-985E-64AD5C55425F}.Release|Any CPU.Build.0 = Release|Any CPU
		{CEB09DE7-6E74-4913-A890-01FAF9E8F049}.Debug|Any CPU.ActiveCfg = Debug|Any CPU
		{CEB09DE7-6E74-4913-A890-01FAF9E8F049}.Debug|Any CPU.Build.0 = Debug|Any CPU
		{CEB09DE7-6E74-4913-A890-01FAF9E8F049}.Release|Any CPU.ActiveCfg = Release|Any CPU
		{CEB09DE7-6E74-4913-A890-01FAF9E8F049}.Release|Any CPU.Build.0 = Release|Any CPU
		{F11306B4-3F84-4CDB-AA74-B7A25B9DFEAF}.Debug|Any CPU.ActiveCfg = Debug|Any CPU
		{F11306B4-3F84-4CDB-AA74-B7A25B9DFEAF}.Debug|Any CPU.Build.0 = Debug|Any CPU
		{F11306B4-3F84-4CDB-AA74-B7A25B9DFEAF}.Release|Any CPU.ActiveCfg = Release|Any CPU
		{F11306B4-3F84-4CDB-AA74-B7A25B9DFEAF}.Release|Any CPU.Build.0 = Release|Any CPU
		{62140BA7-97C5-4580-A539-0A1058F5AC28}.Debug|Any CPU.ActiveCfg = Debug|Any CPU
		{62140BA7-97C5-4580-A539-0A1058F5AC28}.Debug|Any CPU.Build.0 = Debug|Any CPU
		{62140BA7-97C5-4580-A539-0A1058F5AC28}.Release|Any CPU.ActiveCfg = Release|Any CPU
		{62140BA7-97C5-4580-A539-0A1058F5AC28}.Release|Any CPU.Build.0 = Release|Any CPU
		{6C01F5FD-554F-419C-A75A-1EE963636124}.Debug|Any CPU.ActiveCfg = Debug|Any CPU
		{6C01F5FD-554F-419C-A75A-1EE963636124}.Debug|Any CPU.Build.0 = Debug|Any CPU
		{6C01F5FD-554F-419C-A75A-1EE963636124}.Release|Any CPU.ActiveCfg = Release|Any CPU
		{6C01F5FD-554F-419C-A75A-1EE963636124}.Release|Any CPU.Build.0 = Release|Any CPU
		{15D66683-26BA-425C-9079-5AC423468A6D}.Debug|Any CPU.ActiveCfg = Debug|Any CPU
		{15D66683-26BA-425C-9079-5AC423468A6D}.Debug|Any CPU.Build.0 = Debug|Any CPU
		{15D66683-26BA-425C-9079-5AC423468A6D}.Release|Any CPU.ActiveCfg = Release|Any CPU
		{15D66683-26BA-425C-9079-5AC423468A6D}.Release|Any CPU.Build.0 = Release|Any CPU
		{46BB04B7-3CFE-4CA3-86B8-34D2EA242D26}.Debug|Any CPU.ActiveCfg = Debug|Any CPU
		{46BB04B7-3CFE-4CA3-86B8-34D2EA242D26}.Debug|Any CPU.Build.0 = Debug|Any CPU
		{46BB04B7-3CFE-4CA3-86B8-34D2EA242D26}.Release|Any CPU.ActiveCfg = Release|Any CPU
		{46BB04B7-3CFE-4CA3-86B8-34D2EA242D26}.Release|Any CPU.Build.0 = Release|Any CPU
	EndGlobalSection
	GlobalSection(SolutionProperties) = preSolution
		HideSolutionNode = FALSE
	EndGlobalSection
EndGlobal
