
Microsoft Visual Studio Solution File, Format Version 12.00
# Visual Studio 15
VisualStudioVersion = 15.0.26430.6
MinimumVisualStudioVersion = 10.0.40219.1
Project("{FAE04EC0-301F-11D3-BF4B-00C04F79EFBC}") = "skadisteam.console", "skadisteam.console\skadisteam.console.csproj", "{5440215C-A8B4-45A5-B77D-454570C4F62B}"
EndProject
Project("{9A19103F-16F7-4668-BE54-9A1E7A4F7556}") = "skadisteam.login", "..\skadisteam.login\src\skadisteam.login\skadisteam.login.csproj", "{25F29F57-5AB3-4C22-A977-CDB6B9553AED}"
EndProject
Project("{9A19103F-16F7-4668-BE54-9A1E7A4F7556}") = "skadisteam.login.test", "..\skadisteam.login\src\skadisteam.login.test\skadisteam.login.test.csproj", "{C6ED3B77-7CA5-4A1F-9990-B518C6C71002}"
EndProject
Project("{9A19103F-16F7-4668-BE54-9A1E7A4F7556}") = "skadisteam.trade", "..\skadisteam.trade\src\skadisteam.trade\skadisteam.trade.csproj", "{51568EF5-A7CF-4513-ACAF-AB808298B611}"
EndProject
Project("{9A19103F-16F7-4668-BE54-9A1E7A4F7556}") = "skadisteam.trade.test", "..\skadisteam.trade\src\skadisteam.trade.test\skadisteam.trade.test.csproj", "{F319393B-E4F3-4994-86A8-FE9F0A6EAF4F}"
EndProject
Project("{9A19103F-16F7-4668-BE54-9A1E7A4F7556}") = "skadisteam.inventory", "..\skadisteam.inventory\src\skadisteam.inventory\skadisteam.inventory.csproj", "{C5BC8329-4707-43E3-AB56-654923C97042}"
EndProject
Project("{9A19103F-16F7-4668-BE54-9A1E7A4F7556}") = "skadisteam.inventory.test", "..\skadisteam.inventory\src\skadisteam.inventory.test\skadisteam.inventory.test.csproj", "{1E653FE3-DF89-483B-BB85-CCE3115D75E3}"
EndProject
Project("{9A19103F-16F7-4668-BE54-9A1E7A4F7556}") = "skadiprices.csgofast", "..\skadiprices.csgofast\src\skadiprices.csgofast\skadiprices.csgofast.csproj", "{200E5F9C-4274-48A7-985E-64AD5C55425F}"
EndProject
Project("{9A19103F-16F7-4668-BE54-9A1E7A4F7556}") = "skadiprices.csgofast.test", "..\skadiprices.csgofast\src\skadiprices.csgofast.test\skadiprices.csgofast.test.csproj", "{CEB09DE7-6E74-4913-A890-01FAF9E8F049}"
EndProject
Global
	GlobalSection(SolutionConfigurationPlatforms) = preSolution
		Debug|Any CPU = Debug|Any CPU
		Release|Any CPU = Release|Any CPU
	EndGlobalSection
	GlobalSection(ProjectConfigurationPlatforms) = postSolution
		{5440215C-A8B4-45A5-B77D-454570C4F62B}.Debug|Any CPU.ActiveCfg = Debug|Any CPU
		{5440215C-A8B4-45A5-B77D-454570C4F62B}.Debug|Any CPU.Build.0 = Debug|Any CPU
		{5440215C-A8B4-45A5-B77D-454570C4F62B}.Release|Any CPU.ActiveCfg = Release|Any CPU
		{5440215C-A8B4-45A5-B77D-454570C4F62B}.Release|Any CPU.Build.0 = Release|Any CPU
		{25F29F57-5AB3-4C22-A977-CDB6B9553AED}.Debug|Any CPU.ActiveCfg = Debug|Any CPU
		{25F29F57-5AB3-4C22-A977-CDB6B9553AED}.Debug|Any CPU.Build.0 = Debug|Any CPU
		{25F29F57-5AB3-4C22-A977-CDB6B9553AED}.Release|Any CPU.ActiveCfg = Release|Any CPU
		{25F29F57-5AB3-4C22-A977-CDB6B9553AED}.Release|Any CPU.Build.0 = Release|Any CPU
		{C6ED3B77-7CA5-4A1F-9990-B518C6C71002}.Debug|Any CPU.ActiveCfg = Debug|Any CPU
		{C6ED3B77-7CA5-4A1F-9990-B518C6C71002}.Debug|Any CPU.Build.0 = Debug|Any CPU
		{C6ED3B77-7CA5-4A1F-9990-B518C6C71002}.Release|Any CPU.ActiveCfg = Release|Any CPU
		{C6ED3B77-7CA5-4A1F-9990-B518C6C71002}.Release|Any CPU.Build.0 = Release|Any CPU
		{51568EF5-A7CF-4513-ACAF-AB808298B611}.Debug|Any CPU.ActiveCfg = Debug|Any CPU
		{51568EF5-A7CF-4513-ACAF-AB808298B611}.Debug|Any CPU.Build.0 = Debug|Any CPU
		{51568EF5-A7CF-4513-ACAF-AB808298B611}.Release|Any CPU.ActiveCfg = Release|Any CPU
		{51568EF5-A7CF-4513-ACAF-AB808298B611}.Release|Any CPU.Build.0 = Release|Any CPU
		{F319393B-E4F3-4994-86A8-FE9F0A6EAF4F}.Debug|Any CPU.ActiveCfg = Debug|Any CPU
		{F319393B-E4F3-4994-86A8-FE9F0A6EAF4F}.Debug|Any CPU.Build.0 = Debug|Any CPU
		{F319393B-E4F3-4994-86A8-FE9F0A6EAF4F}.Release|Any CPU.ActiveCfg = Release|Any CPU
		{F319393B-E4F3-4994-86A8-FE9F0A6EAF4F}.Release|Any CPU.Build.0 = Release|Any CPU
		{C5BC8329-4707-43E3-AB56-654923C97042}.Debug|Any CPU.ActiveCfg = Debug|Any CPU
		{C5BC8329-4707-43E3-AB56-654923C97042}.Debug|Any CPU.Build.0 = Debug|Any CPU
		{C5BC8329-4707-43E3-AB56-654923C97042}.Release|Any CPU.ActiveCfg = Release|Any CPU
		{C5BC8329-4707-43E3-AB56-654923C97042}.Release|Any CPU.Build.0 = Release|Any CPU
		{1E653FE3-DF89-483B-BB85-CCE3115D75E3}.Debug|Any CPU.ActiveCfg = Debug|Any CPU
		{1E653FE3-DF89-483B-BB85-CCE3115D75E3}.Debug|Any CPU.Build.0 = Debug|Any CPU
		{1E653FE3-DF89-483B-BB85-CCE3115D75E3}.Release|Any CPU.ActiveCfg = Release|Any CPU
		{1E653FE3-DF89-483B-BB85-CCE3115D75E3}.Release|Any CPU.Build.0 = Release|Any CPU
		{200E5F9C-4274-48A7-985E-64AD5C55425F}.Debug|Any CPU.ActiveCfg = Debug|Any CPU
		{200E5F9C-4274-48A7-985E-64AD5C55425F}.Debug|Any CPU.Build.0 = Debug|Any CPU
		{200E5F9C-4274-48A7-985E-64AD5C55425F}.Release|Any CPU.ActiveCfg = Release|Any CPU
		{200E5F9C-4274-48A7-985E-64AD5C55425F}.Release|Any CPU.Build.0 = Release|Any CPU
		{CEB09DE7-6E74-4913-A890-01FAF9E8F049}.Debug|Any CPU.ActiveCfg = Debug|Any CPU
		{CEB09DE7-6E74-4913-A890-01FAF9E8F049}.Debug|Any CPU.Build.0 = Debug|Any CPU
		{CEB09DE7-6E74-4913-A890-01FAF9E8F049}.Release|Any CPU.ActiveCfg = Release|Any CPU
		{CEB09DE7-6E74-4913-A890-01FAF9E8F049}.Release|Any CPU.Build.0 = Release|Any CPU
	EndGlobalSection
	GlobalSection(SolutionProperties) = preSolution
		HideSolutionNode = FALSE
	EndGlobalSection
EndGlobal
